
Microsoft Visual Studio Solution File, Format Version 12.00
# Visual Studio Version 16
VisualStudioVersion = 16.0.29306.81
MinimumVisualStudioVersion = 10.0.40219.1
Project("{FAE04EC0-301F-11D3-BF4B-00C04F79EFBC}") = "Equation2degre", "Equation2degre.csproj", "{18A81612-3BD1-4893-AA3B-33DB3805962D}"
EndProject
Global
	GlobalSection(SolutionConfigurationPlatforms) = preSolution
		Debug|Any CPU = Debug|Any CPU
		Release|Any CPU = Release|Any CPU
	EndGlobalSection
	GlobalSection(ProjectConfigurationPlatforms) = postSolution
		{18A81612-3BD1-4893-AA3B-33DB3805962D}.Debug|Any CPU.ActiveCfg = Debug|Any CPU
		{18A81612-3BD1-4893-AA3B-33DB3805962D}.Debug|Any CPU.Build.0 = Debug|Any CPU
		{18A81612-3BD1-4893-AA3B-33DB3805962D}.Release|Any CPU.ActiveCfg = Release|Any CPU
		{18A81612-3BD1-4893-AA3B-33DB3805962D}.Release|Any CPU.Build.0 = Release|Any CPU
	EndGlobalSection
	GlobalSection(SolutionProperties) = preSolution
		HideSolutionNode = FALSE
	EndGlobalSection
	GlobalSection(ExtensibilityGlobals) = postSolution
		SolutionGuid = {093D6026-869F-4502-96CE-763303609B8B}
	EndGlobalSection
EndGlobal
